
Microsoft Visual Studio Solution File, Format Version 12.00
# Visual Studio Version 17
VisualStudioVersion = 17.5.33502.453
MinimumVisualStudioVersion = 10.0.40219.1
Project("{FAE04EC0-301F-11D3-BF4B-00C04F79EFBC}") = "Ćwiczenia nr 3 - zadanie 1", "Ćwiczenia nr 3 - zadanie 1.csproj", "{399AA800-3591-44AA-AA93-A6E771A4FFB9}"
EndProject
Global
	GlobalSection(SolutionConfigurationPlatforms) = preSolution
		Debug|Any CPU = Debug|Any CPU
		Release|Any CPU = Release|Any CPU
	EndGlobalSection
	GlobalSection(ProjectConfigurationPlatforms) = postSolution
		{399AA800-3591-44AA-AA93-A6E771A4FFB9}.Debug|Any CPU.ActiveCfg = Debug|Any CPU
		{399AA800-3591-44AA-AA93-A6E771A4FFB9}.Debug|Any CPU.Build.0 = Debug|Any CPU
		{399AA800-3591-44AA-AA93-A6E771A4FFB9}.Release|Any CPU.ActiveCfg = Release|Any CPU
		{399AA800-3591-44AA-AA93-A6E771A4FFB9}.Release|Any CPU.Build.0 = Release|Any CPU
	EndGlobalSection
	GlobalSection(SolutionProperties) = preSolution
		HideSolutionNode = FALSE
	EndGlobalSection
	GlobalSection(ExtensibilityGlobals) = postSolution
		SolutionGuid = {9DC90A0B-E90A-4D15-B72F-D584B3B4A46D}
	EndGlobalSection
EndGlobal
